
Microsoft Visual Studio Solution File, Format Version 12.00
# Visual Studio Version 17
VisualStudioVersion = 17.12.35707.178
MinimumVisualStudioVersion = 10.0.40219.1
Project("{FAE04EC0-301F-11D3-BF4B-00C04F79EFBC}") = "Task1_1", "Task1_1\Task1_1.csproj", "{B22DA3D1-32E0-4121-B042-4B8555088513}"
EndProject
Project("{FAE04EC0-301F-11D3-BF4B-00C04F79EFBC}") = "Task2_1", "Task2_1\Task2_1.csproj", "{34708E45-05EA-46AF-850E-4D186B36C9BD}"
EndProject
Project("{FAE04EC0-301F-11D3-BF4B-00C04F79EFBC}") = "Task2_2", "Task2_2\Task2_2.csproj", "{84740858-E48B-4093-B1BA-25DD3DC980B2}"
EndProject
Project("{FAE04EC0-301F-11D3-BF4B-00C04F79EFBC}") = "Task2_3", "Task2_3\Task2_3.csproj", "{B017A2E9-5365-4AB9-922D-3A8E19685D30}"
EndProject
Project("{FAE04EC0-301F-11D3-BF4B-00C04F79EFBC}") = "Task2_4", "Task2_4\Task2_4.csproj", "{42D6473A-BF1B-4B5E-BCDB-409ECFA00D84}"
EndProject
Project("{FAE04EC0-301F-11D3-BF4B-00C04F79EFBC}") = "Task2_5", "Task2_5\Task2_5.csproj", "{989F1E3F-5C23-4612-BADF-0941EAF74C28}"
EndProject
Project("{FAE04EC0-301F-11D3-BF4B-00C04F79EFBC}") = "Task2_6", "Task2_6\Task2_6.csproj", "{2E9098CF-CB48-40EE-A49D-EFF2D48E3D25}"
EndProject
Project("{FAE04EC0-301F-11D3-BF4B-00C04F79EFBC}") = "Task2_7", "Task2_7\Task2_7.csproj", "{B3656388-FF61-41E4-81FD-24086CCD02D6}"
EndProject
Project("{FAE04EC0-301F-11D3-BF4B-00C04F79EFBC}") = "Task3_2", "Task3\Task3_2.csproj", "{461400F9-8718-4738-B201-581F8B654EB5}"
EndProject
Project("{FAE04EC0-301F-11D3-BF4B-00C04F79EFBC}") = "Task3_3", "Task3_3\Task3_3.csproj", "{AF87B820-A919-42F0-89D1-65D34A25D67F}"
EndProject
Global
	GlobalSection(SolutionConfigurationPlatforms) = preSolution
		Debug|Any CPU = Debug|Any CPU
		Release|Any CPU = Release|Any CPU
	EndGlobalSection
	GlobalSection(ProjectConfigurationPlatforms) = postSolution
		{B22DA3D1-32E0-4121-B042-4B8555088513}.Debug|Any CPU.ActiveCfg = Debug|Any CPU
		{B22DA3D1-32E0-4121-B042-4B8555088513}.Debug|Any CPU.Build.0 = Debug|Any CPU
		{B22DA3D1-32E0-4121-B042-4B8555088513}.Release|Any CPU.ActiveCfg = Release|Any CPU
		{B22DA3D1-32E0-4121-B042-4B8555088513}.Release|Any CPU.Build.0 = Release|Any CPU
		{34708E45-05EA-46AF-850E-4D186B36C9BD}.Debug|Any CPU.ActiveCfg = Debug|Any CPU
		{34708E45-05EA-46AF-850E-4D186B36C9BD}.Debug|Any CPU.Build.0 = Debug|Any CPU
		{34708E45-05EA-46AF-850E-4D186B36C9BD}.Release|Any CPU.ActiveCfg = Release|Any CPU
		{34708E45-05EA-46AF-850E-4D186B36C9BD}.Release|Any CPU.Build.0 = Release|Any CPU
		{84740858-E48B-4093-B1BA-25DD3DC980B2}.Debug|Any CPU.ActiveCfg = Debug|Any CPU
		{84740858-E48B-4093-B1BA-25DD3DC980B2}.Debug|Any CPU.Build.0 = Debug|Any CPU
		{84740858-E48B-4093-B1BA-25DD3DC980B2}.Release|Any CPU.ActiveCfg = Release|Any CPU
		{84740858-E48B-4093-B1BA-25DD3DC980B2}.Release|Any CPU.Build.0 = Release|Any CPU
		{B017A2E9-5365-4AB9-922D-3A8E19685D30}.Debug|Any CPU.ActiveCfg = Debug|Any CPU
		{B017A2E9-5365-4AB9-922D-3A8E19685D30}.Debug|Any CPU.Build.0 = Debug|Any CPU
		{B017A2E9-5365-4AB9-922D-3A8E19685D30}.Release|Any CPU.ActiveCfg = Release|Any CPU
		{B017A2E9-5365-4AB9-922D-3A8E19685D30}.Release|Any CPU.Build.0 = Release|Any CPU
		{42D6473A-BF1B-4B5E-BCDB-409ECFA00D84}.Debug|Any CPU.ActiveCfg = Debug|Any CPU
		{42D6473A-BF1B-4B5E-BCDB-409ECFA00D84}.Debug|Any CPU.Build.0 = Debug|Any CPU
		{42D6473A-BF1B-4B5E-BCDB-409ECFA00D84}.Release|Any CPU.ActiveCfg = Release|Any CPU
		{42D6473A-BF1B-4B5E-BCDB-409ECFA00D84}.Release|Any CPU.Build.0 = Release|Any CPU
		{989F1E3F-5C23-4612-BADF-0941EAF74C28}.Debug|Any CPU.ActiveCfg = Debug|Any CPU
		{989F1E3F-5C23-4612-BADF-0941EAF74C28}.Debug|Any CPU.Build.0 = Debug|Any CPU
		{989F1E3F-5C23-4612-BADF-0941EAF74C28}.Release|Any CPU.ActiveCfg = Release|Any CPU
		{989F1E3F-5C23-4612-BADF-0941EAF74C28}.Release|Any CPU.Build.0 = Release|Any CPU
		{2E9098CF-CB48-40EE-A49D-EFF2D48E3D25}.Debug|Any CPU.ActiveCfg = Debug|Any CPU
		{2E9098CF-CB48-40EE-A49D-EFF2D48E3D25}.Debug|Any CPU.Build.0 = Debug|Any CPU
		{2E9098CF-CB48-40EE-A49D-EFF2D48E3D25}.Release|Any CPU.ActiveCfg = Release|Any CPU
		{2E9098CF-CB48-40EE-A49D-EFF2D48E3D25}.Release|Any CPU.Build.0 = Release|Any CPU
		{B3656388-FF61-41E4-81FD-24086CCD02D6}.Debug|Any CPU.ActiveCfg = Debug|Any CPU
		{B3656388-FF61-41E4-81FD-24086CCD02D6}.Debug|Any CPU.Build.0 = Debug|Any CPU
		{B3656388-FF61-41E4-81FD-24086CCD02D6}.Release|Any CPU.ActiveCfg = Release|Any CPU
		{B3656388-FF61-41E4-81FD-24086CCD02D6}.Release|Any CPU.Build.0 = Release|Any CPU
		{461400F9-8718-4738-B201-581F8B654EB5}.Debug|Any CPU.ActiveCfg = Debug|Any CPU
		{461400F9-8718-4738-B201-581F8B654EB5}.Debug|Any CPU.Build.0 = Debug|Any CPU
		{461400F9-8718-4738-B201-581F8B654EB5}.Release|Any CPU.ActiveCfg = Release|Any CPU
		{461400F9-8718-4738-B201-581F8B654EB5}.Release|Any CPU.Build.0 = Release|Any CPU
		{AF87B820-A919-42F0-89D1-65D34A25D67F}.Debug|Any CPU.ActiveCfg = Debug|Any CPU
		{AF87B820-A919-42F0-89D1-65D34A25D67F}.Debug|Any CPU.Build.0 = Debug|Any CPU
		{AF87B820-A919-42F0-89D1-65D34A25D67F}.Release|Any CPU.ActiveCfg = Release|Any CPU
		{AF87B820-A919-42F0-89D1-65D34A25D67F}.Release|Any CPU.Build.0 = Release|Any CPU
	EndGlobalSection
	GlobalSection(SolutionProperties) = preSolution
		HideSolutionNode = FALSE
	EndGlobalSection
	GlobalSection(ExtensibilityGlobals) = postSolution
		SolutionGuid = {17B9E9CF-7873-4EBF-AB99-04394E9A882B}
	EndGlobalSection
EndGlobal
