
Microsoft Visual Studio Solution File, Format Version 12.00
# Visual Studio Version 17
VisualStudioVersion = 17.12.35707.178
MinimumVisualStudioVersion = 10.0.40219.1
Project("{FAE04EC0-301F-11D3-BF4B-00C04F79EFBC}") = "Task1_1", "Task1_1\Task1_1.csproj", "{B22DA3D1-32E0-4121-B042-4B8555088513}"
EndProject
Project("{FAE04EC0-301F-11D3-BF4B-00C04F79EFBC}") = "Task2_1", "Task2_1\Task2_1.csproj", "{34708E45-05EA-46AF-850E-4D186B36C9BD}"
EndProject
Project("{FAE04EC0-301F-11D3-BF4B-00C04F79EFBC}") = "Task2_2", "Task2_2\Task2_2.csproj", "{84740858-E48B-4093-B1BA-25DD3DC980B2}"
EndProject
Project("{FAE04EC0-301F-11D3-BF4B-00C04F79EFBC}") = "Task2_3", "Task2_3\Task2_3.csproj", "{B017A2E9-5365-4AB9-922D-3A8E19685D30}"
EndProject
Project("{FAE04EC0-301F-11D3-BF4B-00C04F79EFBC}") = "Task2_4", "Task2_4\Task2_4.csproj", "{42D6473A-BF1B-4B5E-BCDB-409ECFA00D84}"
EndProject
Project("{FAE04EC0-301F-11D3-BF4B-00C04F79EFBC}") = "Task2_5", "Task2_5\Task2_5.csproj", "{989F1E3F-5C23-4612-BADF-0941EAF74C28}"
EndProject
Project("{FAE04EC0-301F-11D3-BF4B-00C04F79EFBC}") = "Task2_6", "Task2_6\Task2_6.csproj", "{2E9098CF-CB48-40EE-A49D-EFF2D48E3D25}"
EndProject
Project("{FAE04EC0-301F-11D3-BF4B-00C04F79EFBC}") = "Task2_7", "Task2_7\Task2_7.csproj", "{B3656388-FF61-41E4-81FD-24086CCD02D6}"
EndProject
Project("{FAE04EC0-301F-11D3-BF4B-00C04F79EFBC}") = "Task3_2", "Task3\Task3_2.csproj", "{461400F9-8718-4738-B201-581F8B654EB5}"
EndProject
Project("{FAE04EC0-301F-11D3-BF4B-00C04F79EFBC}") = "Task3_3", "Task3_3\Task3_3.csproj", "{AF87B820-A919-42F0-89D1-65D34A25D67F}"
EndProject
Project("{FAE04EC0-301F-11D3-BF4B-00C04F79EFBC}") = "Task3_4", "Task3_4\Task3_4.csproj", "{4C2B2FD1-FE80-4567-ADC6-0657A18BFA59}"
EndProject
Project("{FAE04EC0-301F-11D3-BF4B-00C04F79EFBC}") = "Task3_5", "Task3_5\Task3_5.csproj", "{5EF32987-67DE-4BC4-AB84-95BBF3FDB473}"
EndProject
Project("{FAE04EC0-301F-11D3-BF4B-00C04F79EFBC}") = "Task3_6", "Task3_6\Task3_6.csproj", "{37C54350-BE50-462B-87FB-8BAD37477F58}"
EndProject
Project("{FAE04EC0-301F-11D3-BF4B-00C04F79EFBC}") = "Task3_7", "Task3_7\Task3_7.csproj", "{0309F359-BA44-497F-B056-49884808B909}"
EndProject
Project("{FAE04EC0-301F-11D3-BF4B-00C04F79EFBC}") = "Task3_8", "Task3_8\Task3_8.csproj", "{66B4E593-DA27-455E-AC72-B51C126D3D6E}"
EndProject
Project("{FAE04EC0-301F-11D3-BF4B-00C04F79EFBC}") = "Task3_9", "Task3_9\Task3_9.csproj", "{27BF3B7E-0F8D-4EE3-9722-65E3EBC4E748}"
EndProject
Project("{FAE04EC0-301F-11D3-BF4B-00C04F79EFBC}") = "Task3_10", "Task3_10\Task3_10.csproj", "{21D90D9A-7F50-4C88-B600-52D1F7BFE0CE}"
EndProject
Project("{FAE04EC0-301F-11D3-BF4B-00C04F79EFBC}") = "Task3_11", "Task3_11\Task3_11.csproj", "{086A1757-77FC-486A-AC1D-301CA7C7D807}"
EndProject
Project("{FAE04EC0-301F-11D3-BF4B-00C04F79EFBC}") = "Task3_12", "Task3_12\Task3_12.csproj", "{9C17F633-3F36-473A-B8CA-37C77C004410}"
EndProject
Project("{FAE04EC0-301F-11D3-BF4B-00C04F79EFBC}") = "Task3_1", "Task3_1\Task3_1.csproj", "{885C4A7D-DDA9-440C-96F2-04AFEB0689AE}"
EndProject
Project("{2150E333-8FDC-42A3-9474-1A3956D46DE8}") = "Task2", "Task2", "{76DBF15A-4364-42E3-A88A-43F5E17D3FC7}"
	ProjectSection(SolutionItems) = preProject
		дз2.txt = дз2.txt
	EndProjectSection
EndProject
Project("{2150E333-8FDC-42A3-9474-1A3956D46DE8}") = "Task3", "Task3", "{4DC38482-7D58-48E6-9ECC-F495CDF7799F}"
	ProjectSection(SolutionItems) = preProject
		дз3.txt = дз3.txt
	EndProjectSection
EndProject
Project("{2150E333-8FDC-42A3-9474-1A3956D46DE8}") = "Task4", "Task4", "{14713206-4576-4648-B8E0-E8F1F304D4B4}"
	ProjectSection(SolutionItems) = preProject
		ДЗ.txt = ДЗ.txt
	EndProjectSection
EndProject
Project("{FAE04EC0-301F-11D3-BF4B-00C04F79EFBC}") = "Task4_1", "Task4_1\Task4_1.csproj", "{E634A579-1548-4DBF-942D-C4214C2194A1}"
EndProject
Project("{2150E333-8FDC-42A3-9474-1A3956D46DE8}") = "Task1", "Task1", "{6669B7F4-5A47-429A-8F21-7907CC905B6B}"
EndProject
Project("{FAE04EC0-301F-11D3-BF4B-00C04F79EFBC}") = "Task4_2", "Task4_2\Task4_2.csproj", "{94B4F45B-F9CC-4F29-94C5-86FF24926FC8}"
EndProject
Project("{FAE04EC0-301F-11D3-BF4B-00C04F79EFBC}") = "Task4_3", "Task4_3\Task4_3.csproj", "{DFDCCB8F-1038-462D-9419-493113596ACD}"
EndProject
Project("{FAE04EC0-301F-11D3-BF4B-00C04F79EFBC}") = "Task4_4", "Task4_4\Task4_4.csproj", "{E856EC81-FCE0-401F-8B76-910E47AD6535}"
EndProject
Project("{FAE04EC0-301F-11D3-BF4B-00C04F79EFBC}") = "Task4_5", "Task4_5\Task4_5.csproj", "{F37ACD51-08FD-4332-87EA-797E06AD1ACF}"
EndProject
Project("{FAE04EC0-301F-11D3-BF4B-00C04F79EFBC}") = "Task4_6", "Task4_6\Task4_6.csproj", "{C66B087A-8984-437E-8464-03736E0FE4F8}"
EndProject
Project("{FAE04EC0-301F-11D3-BF4B-00C04F79EFBC}") = "Task4_7", "Task4_7\Task4_7.csproj", "{6D8317C7-876A-4C78-88FE-180E8D703279}"
EndProject
Project("{FAE04EC0-301F-11D3-BF4B-00C04F79EFBC}") = "Task4_8-", "Task4_8\Task4_8-.csproj", "{B2C15B86-5E6C-439B-8412-9D5DF7453E9F}"
EndProject
Global
	GlobalSection(SolutionConfigurationPlatforms) = preSolution
		Debug|Any CPU = Debug|Any CPU
		Release|Any CPU = Release|Any CPU
	EndGlobalSection
	GlobalSection(ProjectConfigurationPlatforms) = postSolution
		{B22DA3D1-32E0-4121-B042-4B8555088513}.Debug|Any CPU.ActiveCfg = Debug|Any CPU
		{B22DA3D1-32E0-4121-B042-4B8555088513}.Debug|Any CPU.Build.0 = Debug|Any CPU
		{B22DA3D1-32E0-4121-B042-4B8555088513}.Release|Any CPU.ActiveCfg = Release|Any CPU
		{B22DA3D1-32E0-4121-B042-4B8555088513}.Release|Any CPU.Build.0 = Release|Any CPU
		{34708E45-05EA-46AF-850E-4D186B36C9BD}.Debug|Any CPU.ActiveCfg = Debug|Any CPU
		{34708E45-05EA-46AF-850E-4D186B36C9BD}.Debug|Any CPU.Build.0 = Debug|Any CPU
		{34708E45-05EA-46AF-850E-4D186B36C9BD}.Release|Any CPU.ActiveCfg = Release|Any CPU
		{34708E45-05EA-46AF-850E-4D186B36C9BD}.Release|Any CPU.Build.0 = Release|Any CPU
		{84740858-E48B-4093-B1BA-25DD3DC980B2}.Debug|Any CPU.ActiveCfg = Debug|Any CPU
		{84740858-E48B-4093-B1BA-25DD3DC980B2}.Debug|Any CPU.Build.0 = Debug|Any CPU
		{84740858-E48B-4093-B1BA-25DD3DC980B2}.Release|Any CPU.ActiveCfg = Release|Any CPU
		{84740858-E48B-4093-B1BA-25DD3DC980B2}.Release|Any CPU.Build.0 = Release|Any CPU
		{B017A2E9-5365-4AB9-922D-3A8E19685D30}.Debug|Any CPU.ActiveCfg = Debug|Any CPU
		{B017A2E9-5365-4AB9-922D-3A8E19685D30}.Debug|Any CPU.Build.0 = Debug|Any CPU
		{B017A2E9-5365-4AB9-922D-3A8E19685D30}.Release|Any CPU.ActiveCfg = Release|Any CPU
		{B017A2E9-5365-4AB9-922D-3A8E19685D30}.Release|Any CPU.Build.0 = Release|Any CPU
		{42D6473A-BF1B-4B5E-BCDB-409ECFA00D84}.Debug|Any CPU.ActiveCfg = Debug|Any CPU
		{42D6473A-BF1B-4B5E-BCDB-409ECFA00D84}.Debug|Any CPU.Build.0 = Debug|Any CPU
		{42D6473A-BF1B-4B5E-BCDB-409ECFA00D84}.Release|Any CPU.ActiveCfg = Release|Any CPU
		{42D6473A-BF1B-4B5E-BCDB-409ECFA00D84}.Release|Any CPU.Build.0 = Release|Any CPU
		{989F1E3F-5C23-4612-BADF-0941EAF74C28}.Debug|Any CPU.ActiveCfg = Debug|Any CPU
		{989F1E3F-5C23-4612-BADF-0941EAF74C28}.Debug|Any CPU.Build.0 = Debug|Any CPU
		{989F1E3F-5C23-4612-BADF-0941EAF74C28}.Release|Any CPU.ActiveCfg = Release|Any CPU
		{989F1E3F-5C23-4612-BADF-0941EAF74C28}.Release|Any CPU.Build.0 = Release|Any CPU
		{2E9098CF-CB48-40EE-A49D-EFF2D48E3D25}.Debug|Any CPU.ActiveCfg = Debug|Any CPU
		{2E9098CF-CB48-40EE-A49D-EFF2D48E3D25}.Debug|Any CPU.Build.0 = Debug|Any CPU
		{2E9098CF-CB48-40EE-A49D-EFF2D48E3D25}.Release|Any CPU.ActiveCfg = Release|Any CPU
		{2E9098CF-CB48-40EE-A49D-EFF2D48E3D25}.Release|Any CPU.Build.0 = Release|Any CPU
		{B3656388-FF61-41E4-81FD-24086CCD02D6}.Debug|Any CPU.ActiveCfg = Debug|Any CPU
		{B3656388-FF61-41E4-81FD-24086CCD02D6}.Debug|Any CPU.Build.0 = Debug|Any CPU
		{B3656388-FF61-41E4-81FD-24086CCD02D6}.Release|Any CPU.ActiveCfg = Release|Any CPU
		{B3656388-FF61-41E4-81FD-24086CCD02D6}.Release|Any CPU.Build.0 = Release|Any CPU
		{461400F9-8718-4738-B201-581F8B654EB5}.Debug|Any CPU.ActiveCfg = Debug|Any CPU
		{461400F9-8718-4738-B201-581F8B654EB5}.Debug|Any CPU.Build.0 = Debug|Any CPU
		{461400F9-8718-4738-B201-581F8B654EB5}.Release|Any CPU.ActiveCfg = Release|Any CPU
		{461400F9-8718-4738-B201-581F8B654EB5}.Release|Any CPU.Build.0 = Release|Any CPU
		{AF87B820-A919-42F0-89D1-65D34A25D67F}.Debug|Any CPU.ActiveCfg = Debug|Any CPU
		{AF87B820-A919-42F0-89D1-65D34A25D67F}.Debug|Any CPU.Build.0 = Debug|Any CPU
		{AF87B820-A919-42F0-89D1-65D34A25D67F}.Release|Any CPU.ActiveCfg = Release|Any CPU
		{AF87B820-A919-42F0-89D1-65D34A25D67F}.Release|Any CPU.Build.0 = Release|Any CPU
		{4C2B2FD1-FE80-4567-ADC6-0657A18BFA59}.Debug|Any CPU.ActiveCfg = Debug|Any CPU
		{4C2B2FD1-FE80-4567-ADC6-0657A18BFA59}.Debug|Any CPU.Build.0 = Debug|Any CPU
		{4C2B2FD1-FE80-4567-ADC6-0657A18BFA59}.Release|Any CPU.ActiveCfg = Release|Any CPU
		{4C2B2FD1-FE80-4567-ADC6-0657A18BFA59}.Release|Any CPU.Build.0 = Release|Any CPU
		{5EF32987-67DE-4BC4-AB84-95BBF3FDB473}.Debug|Any CPU.ActiveCfg = Debug|Any CPU
		{5EF32987-67DE-4BC4-AB84-95BBF3FDB473}.Debug|Any CPU.Build.0 = Debug|Any CPU
		{5EF32987-67DE-4BC4-AB84-95BBF3FDB473}.Release|Any CPU.ActiveCfg = Release|Any CPU
		{5EF32987-67DE-4BC4-AB84-95BBF3FDB473}.Release|Any CPU.Build.0 = Release|Any CPU
		{37C54350-BE50-462B-87FB-8BAD37477F58}.Debug|Any CPU.ActiveCfg = Debug|Any CPU
		{37C54350-BE50-462B-87FB-8BAD37477F58}.Debug|Any CPU.Build.0 = Debug|Any CPU
		{37C54350-BE50-462B-87FB-8BAD37477F58}.Release|Any CPU.ActiveCfg = Release|Any CPU
		{37C54350-BE50-462B-87FB-8BAD37477F58}.Release|Any CPU.Build.0 = Release|Any CPU
		{0309F359-BA44-497F-B056-49884808B909}.Debug|Any CPU.ActiveCfg = Debug|Any CPU
		{0309F359-BA44-497F-B056-49884808B909}.Debug|Any CPU.Build.0 = Debug|Any CPU
		{0309F359-BA44-497F-B056-49884808B909}.Release|Any CPU.ActiveCfg = Release|Any CPU
		{0309F359-BA44-497F-B056-49884808B909}.Release|Any CPU.Build.0 = Release|Any CPU
		{66B4E593-DA27-455E-AC72-B51C126D3D6E}.Debug|Any CPU.ActiveCfg = Debug|Any CPU
		{66B4E593-DA27-455E-AC72-B51C126D3D6E}.Debug|Any CPU.Build.0 = Debug|Any CPU
		{66B4E593-DA27-455E-AC72-B51C126D3D6E}.Release|Any CPU.ActiveCfg = Release|Any CPU
		{66B4E593-DA27-455E-AC72-B51C126D3D6E}.Release|Any CPU.Build.0 = Release|Any CPU
		{27BF3B7E-0F8D-4EE3-9722-65E3EBC4E748}.Debug|Any CPU.ActiveCfg = Debug|Any CPU
		{27BF3B7E-0F8D-4EE3-9722-65E3EBC4E748}.Debug|Any CPU.Build.0 = Debug|Any CPU
		{27BF3B7E-0F8D-4EE3-9722-65E3EBC4E748}.Release|Any CPU.ActiveCfg = Release|Any CPU
		{27BF3B7E-0F8D-4EE3-9722-65E3EBC4E748}.Release|Any CPU.Build.0 = Release|Any CPU
		{21D90D9A-7F50-4C88-B600-52D1F7BFE0CE}.Debug|Any CPU.ActiveCfg = Debug|Any CPU
		{21D90D9A-7F50-4C88-B600-52D1F7BFE0CE}.Debug|Any CPU.Build.0 = Debug|Any CPU
		{21D90D9A-7F50-4C88-B600-52D1F7BFE0CE}.Release|Any CPU.ActiveCfg = Release|Any CPU
		{21D90D9A-7F50-4C88-B600-52D1F7BFE0CE}.Release|Any CPU.Build.0 = Release|Any CPU
		{086A1757-77FC-486A-AC1D-301CA7C7D807}.Debug|Any CPU.ActiveCfg = Debug|Any CPU
		{086A1757-77FC-486A-AC1D-301CA7C7D807}.Debug|Any CPU.Build.0 = Debug|Any CPU
		{086A1757-77FC-486A-AC1D-301CA7C7D807}.Release|Any CPU.ActiveCfg = Release|Any CPU
		{086A1757-77FC-486A-AC1D-301CA7C7D807}.Release|Any CPU.Build.0 = Release|Any CPU
		{9C17F633-3F36-473A-B8CA-37C77C004410}.Debug|Any CPU.ActiveCfg = Debug|Any CPU
		{9C17F633-3F36-473A-B8CA-37C77C004410}.Debug|Any CPU.Build.0 = Debug|Any CPU
		{9C17F633-3F36-473A-B8CA-37C77C004410}.Release|Any CPU.ActiveCfg = Release|Any CPU
		{9C17F633-3F36-473A-B8CA-37C77C004410}.Release|Any CPU.Build.0 = Release|Any CPU
		{885C4A7D-DDA9-440C-96F2-04AFEB0689AE}.Debug|Any CPU.ActiveCfg = Debug|Any CPU
		{885C4A7D-DDA9-440C-96F2-04AFEB0689AE}.Debug|Any CPU.Build.0 = Debug|Any CPU
		{885C4A7D-DDA9-440C-96F2-04AFEB0689AE}.Release|Any CPU.ActiveCfg = Release|Any CPU
		{885C4A7D-DDA9-440C-96F2-04AFEB0689AE}.Release|Any CPU.Build.0 = Release|Any CPU
		{E634A579-1548-4DBF-942D-C4214C2194A1}.Debug|Any CPU.ActiveCfg = Debug|Any CPU
		{E634A579-1548-4DBF-942D-C4214C2194A1}.Debug|Any CPU.Build.0 = Debug|Any CPU
		{E634A579-1548-4DBF-942D-C4214C2194A1}.Release|Any CPU.ActiveCfg = Release|Any CPU
		{E634A579-1548-4DBF-942D-C4214C2194A1}.Release|Any CPU.Build.0 = Release|Any CPU
		{94B4F45B-F9CC-4F29-94C5-86FF24926FC8}.Debug|Any CPU.ActiveCfg = Debug|Any CPU
		{94B4F45B-F9CC-4F29-94C5-86FF24926FC8}.Debug|Any CPU.Build.0 = Debug|Any CPU
		{94B4F45B-F9CC-4F29-94C5-86FF24926FC8}.Release|Any CPU.ActiveCfg = Release|Any CPU
		{94B4F45B-F9CC-4F29-94C5-86FF24926FC8}.Release|Any CPU.Build.0 = Release|Any CPU
		{DFDCCB8F-1038-462D-9419-493113596ACD}.Debug|Any CPU.ActiveCfg = Debug|Any CPU
		{DFDCCB8F-1038-462D-9419-493113596ACD}.Debug|Any CPU.Build.0 = Debug|Any CPU
		{DFDCCB8F-1038-462D-9419-493113596ACD}.Release|Any CPU.ActiveCfg = Release|Any CPU
		{DFDCCB8F-1038-462D-9419-493113596ACD}.Release|Any CPU.Build.0 = Release|Any CPU
		{E856EC81-FCE0-401F-8B76-910E47AD6535}.Debug|Any CPU.ActiveCfg = Debug|Any CPU
		{E856EC81-FCE0-401F-8B76-910E47AD6535}.Debug|Any CPU.Build.0 = Debug|Any CPU
		{E856EC81-FCE0-401F-8B76-910E47AD6535}.Release|Any CPU.ActiveCfg = Release|Any CPU
		{E856EC81-FCE0-401F-8B76-910E47AD6535}.Release|Any CPU.Build.0 = Release|Any CPU
		{F37ACD51-08FD-4332-87EA-797E06AD1ACF}.Debug|Any CPU.ActiveCfg = Debug|Any CPU
		{F37ACD51-08FD-4332-87EA-797E06AD1ACF}.Debug|Any CPU.Build.0 = Debug|Any CPU
		{F37ACD51-08FD-4332-87EA-797E06AD1ACF}.Release|Any CPU.ActiveCfg = Release|Any CPU
		{F37ACD51-08FD-4332-87EA-797E06AD1ACF}.Release|Any CPU.Build.0 = Release|Any CPU
		{C66B087A-8984-437E-8464-03736E0FE4F8}.Debug|Any CPU.ActiveCfg = Debug|Any CPU
		{C66B087A-8984-437E-8464-03736E0FE4F8}.Debug|Any CPU.Build.0 = Debug|Any CPU
		{C66B087A-8984-437E-8464-03736E0FE4F8}.Release|Any CPU.ActiveCfg = Release|Any CPU
		{C66B087A-8984-437E-8464-03736E0FE4F8}.Release|Any CPU.Build.0 = Release|Any CPU
		{6D8317C7-876A-4C78-88FE-180E8D703279}.Debug|Any CPU.ActiveCfg = Debug|Any CPU
		{6D8317C7-876A-4C78-88FE-180E8D703279}.Debug|Any CPU.Build.0 = Debug|Any CPU
		{6D8317C7-876A-4C78-88FE-180E8D703279}.Release|Any CPU.ActiveCfg = Release|Any CPU
		{6D8317C7-876A-4C78-88FE-180E8D703279}.Release|Any CPU.Build.0 = Release|Any CPU
		{B2C15B86-5E6C-439B-8412-9D5DF7453E9F}.Debug|Any CPU.ActiveCfg = Debug|Any CPU
		{B2C15B86-5E6C-439B-8412-9D5DF7453E9F}.Debug|Any CPU.Build.0 = Debug|Any CPU
		{B2C15B86-5E6C-439B-8412-9D5DF7453E9F}.Release|Any CPU.ActiveCfg = Release|Any CPU
		{B2C15B86-5E6C-439B-8412-9D5DF7453E9F}.Release|Any CPU.Build.0 = Release|Any CPU
	EndGlobalSection
	GlobalSection(SolutionProperties) = preSolution
		HideSolutionNode = FALSE
	EndGlobalSection
	GlobalSection(NestedProjects) = preSolution
		{B22DA3D1-32E0-4121-B042-4B8555088513} = {6669B7F4-5A47-429A-8F21-7907CC905B6B}
		{34708E45-05EA-46AF-850E-4D186B36C9BD} = {76DBF15A-4364-42E3-A88A-43F5E17D3FC7}
		{84740858-E48B-4093-B1BA-25DD3DC980B2} = {76DBF15A-4364-42E3-A88A-43F5E17D3FC7}
		{B017A2E9-5365-4AB9-922D-3A8E19685D30} = {76DBF15A-4364-42E3-A88A-43F5E17D3FC7}
		{42D6473A-BF1B-4B5E-BCDB-409ECFA00D84} = {76DBF15A-4364-42E3-A88A-43F5E17D3FC7}
		{989F1E3F-5C23-4612-BADF-0941EAF74C28} = {76DBF15A-4364-42E3-A88A-43F5E17D3FC7}
		{2E9098CF-CB48-40EE-A49D-EFF2D48E3D25} = {76DBF15A-4364-42E3-A88A-43F5E17D3FC7}
		{B3656388-FF61-41E4-81FD-24086CCD02D6} = {76DBF15A-4364-42E3-A88A-43F5E17D3FC7}
		{461400F9-8718-4738-B201-581F8B654EB5} = {4DC38482-7D58-48E6-9ECC-F495CDF7799F}
		{AF87B820-A919-42F0-89D1-65D34A25D67F} = {4DC38482-7D58-48E6-9ECC-F495CDF7799F}
		{4C2B2FD1-FE80-4567-ADC6-0657A18BFA59} = {4DC38482-7D58-48E6-9ECC-F495CDF7799F}
		{5EF32987-67DE-4BC4-AB84-95BBF3FDB473} = {4DC38482-7D58-48E6-9ECC-F495CDF7799F}
		{37C54350-BE50-462B-87FB-8BAD37477F58} = {4DC38482-7D58-48E6-9ECC-F495CDF7799F}
		{0309F359-BA44-497F-B056-49884808B909} = {4DC38482-7D58-48E6-9ECC-F495CDF7799F}
		{66B4E593-DA27-455E-AC72-B51C126D3D6E} = {4DC38482-7D58-48E6-9ECC-F495CDF7799F}
		{27BF3B7E-0F8D-4EE3-9722-65E3EBC4E748} = {4DC38482-7D58-48E6-9ECC-F495CDF7799F}
		{21D90D9A-7F50-4C88-B600-52D1F7BFE0CE} = {4DC38482-7D58-48E6-9ECC-F495CDF7799F}
		{086A1757-77FC-486A-AC1D-301CA7C7D807} = {4DC38482-7D58-48E6-9ECC-F495CDF7799F}
		{9C17F633-3F36-473A-B8CA-37C77C004410} = {4DC38482-7D58-48E6-9ECC-F495CDF7799F}
		{885C4A7D-DDA9-440C-96F2-04AFEB0689AE} = {4DC38482-7D58-48E6-9ECC-F495CDF7799F}
		{E634A579-1548-4DBF-942D-C4214C2194A1} = {14713206-4576-4648-B8E0-E8F1F304D4B4}
		{94B4F45B-F9CC-4F29-94C5-86FF24926FC8} = {14713206-4576-4648-B8E0-E8F1F304D4B4}
		{DFDCCB8F-1038-462D-9419-493113596ACD} = {14713206-4576-4648-B8E0-E8F1F304D4B4}
		{E856EC81-FCE0-401F-8B76-910E47AD6535} = {14713206-4576-4648-B8E0-E8F1F304D4B4}
		{F37ACD51-08FD-4332-87EA-797E06AD1ACF} = {14713206-4576-4648-B8E0-E8F1F304D4B4}
		{C66B087A-8984-437E-8464-03736E0FE4F8} = {14713206-4576-4648-B8E0-E8F1F304D4B4}
		{6D8317C7-876A-4C78-88FE-180E8D703279} = {14713206-4576-4648-B8E0-E8F1F304D4B4}
		{B2C15B86-5E6C-439B-8412-9D5DF7453E9F} = {14713206-4576-4648-B8E0-E8F1F304D4B4}
	EndGlobalSection
	GlobalSection(ExtensibilityGlobals) = postSolution
		SolutionGuid = {17B9E9CF-7873-4EBF-AB99-04394E9A882B}
	EndGlobalSection
EndGlobal
